Microsoft Visual Studio Solution File, Format Version 11.00
# Visual Studio 2008

Project("{FC54CC31-56F5-1AC9-79E9-625A358957EE}") = "EjerciciosScripts", "Assembly-CSharp.csproj", "{84D6EFAE-80B3-82B3-692B-9FEFA5921784}"
EndProject
Global
	GlobalSection(SolutionConfigurationPlatforms) = preSolution
		Debug|Any CPU = Debug|Any CPU
		Release|Any CPU = Release|Any CPU
	EndGlobalSection
	GlobalSection(ProjectConfigurationPlatforms) = postSolution
		{84D6EFAE-80B3-82B3-692B-9FEFA5921784}.Debug|Any CPU.ActiveCfg = Debug|Any CPU
		{84D6EFAE-80B3-82B3-692B-9FEFA5921784}.Debug|Any CPU.Build.0 = Debug|Any CPU
		{84D6EFAE-80B3-82B3-692B-9FEFA5921784}.Release|Any CPU.ActiveCfg = Release|Any CPU
		{84D6EFAE-80B3-82B3-692B-9FEFA5921784}.Release|Any CPU.Build.0 = Release|Any CPU
	EndGlobalSection
	GlobalSection(SolutionProperties) = preSolution
		HideSolutionNode = FALSE
	EndGlobalSection
	GlobalSection(MonoDevelopProperties) = preSolution
		StartupItem = Assembly-CSharp.csproj
	EndGlobalSection
EndGlobal
